
Microsoft Visual Studio Solution File, Format Version 12.00
# Visual Studio 15
VisualStudioVersion = 15.0.27428.2015
MinimumVisualStudioVersion = 10.0.40219.1
Project("{FAE04EC0-301F-11D3-BF4B-00C04F79EFBC}") = "FileComparison", "FileComparison\FileComparison.csproj", "{1A69491D-645B-4ED8-9709-CE47C565ADAB}"
EndProject
Global
	GlobalSection(SolutionConfigurationPlatforms) = preSolution
		Debug|Any CPU = Debug|Any CPU
		Release|Any CPU = Release|Any CPU
	EndGlobalSection
	GlobalSection(ProjectConfigurationPlatforms) = postSolution
		{1A69491D-645B-4ED8-9709-CE47C565ADAB}.Debug|Any CPU.ActiveCfg = Debug|Any CPU
		{1A69491D-645B-4ED8-9709-CE47C565ADAB}.Debug|Any CPU.Build.0 = Debug|Any CPU
		{1A69491D-645B-4ED8-9709-CE47C565ADAB}.Release|Any CPU.ActiveCfg = Release|Any CPU
		{1A69491D-645B-4ED8-9709-CE47C565ADAB}.Release|Any CPU.Build.0 = Release|Any CPU
	EndGlobalSection
	GlobalSection(SolutionProperties) = preSolution
		HideSolutionNode = FALSE
	EndGlobalSection
	GlobalSection(ExtensibilityGlobals) = postSolution
		SolutionGuid = {7B05D881-4C41-451A-BC6C-92AA68ABBF42}
	EndGlobalSection
EndGlobal
